
Microsoft Visual Studio Solution File, Format Version 11.00
# Visual Studio 2010
Project("{FAE04EC0-301F-11D3-BF4B-00C04F79EFBC}") = "Assembly-CSharp", "Assembly-CSharp.csproj", "{9822BDA8-65EC-AE4E-6838-BD3D2D2262F0}"
EndProject
Project("{FAE04EC0-301F-11D3-BF4B-00C04F79EFBC}") = "Assembly-CSharp-firstpass", "Assembly-CSharp-firstpass.csproj", "{ABD2D359-EE4E-9AB3-057E-E02613DF7145}"
EndProject
Project("{FAE04EC0-301F-11D3-BF4B-00C04F79EFBC}") = "Assembly-CSharp-Editor-firstpass", "Assembly-CSharp-Editor-firstpass.csproj", "{3ABA030F-1947-C215-0CBC-63C7B3336762}"
EndProject
Project("{FAE04EC0-301F-11D3-BF4B-00C04F79EFBC}") = "Assembly-CSharp-Editor", "Assembly-CSharp-Editor.csproj", "{02F64C69-5ECC-6BC3-4969-004F48321CDE}"
EndProject
Global
	GlobalSection(SolutionConfigurationPlatforms) = preSolution
		Debug|Any CPU = Debug|Any CPU
		Release|Any CPU = Release|Any CPU
	EndGlobalSection
	GlobalSection(ProjectConfigurationPlatforms) = postSolution
		{9822BDA8-65EC-AE4E-6838-BD3D2D2262F0}.Debug|Any CPU.ActiveCfg = Debug|Any CPU
		{9822BDA8-65EC-AE4E-6838-BD3D2D2262F0}.Debug|Any CPU.Build.0 = Debug|Any CPU
		{9822BDA8-65EC-AE4E-6838-BD3D2D2262F0}.Release|Any CPU.ActiveCfg = Release|Any CPU
		{9822BDA8-65EC-AE4E-6838-BD3D2D2262F0}.Release|Any CPU.Build.0 = Release|Any CPU
		{ABD2D359-EE4E-9AB3-057E-E02613DF7145}.Debug|Any CPU.ActiveCfg = Debug|Any CPU
		{ABD2D359-EE4E-9AB3-057E-E02613DF7145}.Debug|Any CPU.Build.0 = Debug|Any CPU
		{ABD2D359-EE4E-9AB3-057E-E02613DF7145}.Release|Any CPU.ActiveCfg = Release|Any CPU
		{ABD2D359-EE4E-9AB3-057E-E02613DF7145}.Release|Any CPU.Build.0 = Release|Any CPU
		{3ABA030F-1947-C215-0CBC-63C7B3336762}.Debug|Any CPU.ActiveCfg = Debug|Any CPU
		{3ABA030F-1947-C215-0CBC-63C7B3336762}.Debug|Any CPU.Build.0 = Debug|Any CPU
		{3ABA030F-1947-C215-0CBC-63C7B3336762}.Release|Any CPU.ActiveCfg = Release|Any CPU
		{3ABA030F-1947-C215-0CBC-63C7B3336762}.Release|Any CPU.Build.0 = Release|Any CPU
		{02F64C69-5ECC-6BC3-4969-004F48321CDE}.Debug|Any CPU.ActiveCfg = Debug|Any CPU
		{02F64C69-5ECC-6BC3-4969-004F48321CDE}.Debug|Any CPU.Build.0 = Debug|Any CPU
		{02F64C69-5ECC-6BC3-4969-004F48321CDE}.Release|Any CPU.ActiveCfg = Release|Any CPU
		{02F64C69-5ECC-6BC3-4969-004F48321CDE}.Release|Any CPU.Build.0 = Release|Any CPU
	EndGlobalSection
	GlobalSection(SolutionProperties) = preSolution
		HideSolutionNode = FALSE
	EndGlobalSection
	GlobalSection(MonoDevelopProperties) = preSolution
		StartupItem = Assembly-CSharp.csproj
	EndGlobalSection
EndGlobal
